
Microsoft Visual Studio Solution File, Format Version 12.00
# Visual Studio Version 16
VisualStudioVersion = 25.0.1700.1
MinimumVisualStudioVersion = 10.0.40219.1
Project("{FAE04EC0-301F-11D3-BF4B-00C04F79EFBC}") = "HotelListing.API", "HotelListing.API\HotelListing.API.csproj", "{462F1CBB-ED61-41E9-9DB8-21FD0301D6EB}"
EndProject
Global
	GlobalSection(SolutionConfigurationPlatforms) = preSolution
		Debug|Any CPU = Debug|Any CPU
		Release|Any CPU = Release|Any CPU
	EndGlobalSection
	GlobalSection(ProjectConfigurationPlatforms) = postSolution
		{462F1CBB-ED61-41E9-9DB8-21FD0301D6EB}.Debug|Any CPU.ActiveCfg = Debug|Any CPU
		{462F1CBB-ED61-41E9-9DB8-21FD0301D6EB}.Debug|Any CPU.Build.0 = Debug|Any CPU
		{462F1CBB-ED61-41E9-9DB8-21FD0301D6EB}.Release|Any CPU.ActiveCfg = Release|Any CPU
		{462F1CBB-ED61-41E9-9DB8-21FD0301D6EB}.Release|Any CPU.Build.0 = Release|Any CPU
	EndGlobalSection
	GlobalSection(SolutionProperties) = preSolution
		HideSolutionNode = FALSE
	EndGlobalSection
	GlobalSection(ExtensibilityGlobals) = postSolution
		SolutionGuid = {84ACDC2E-3F78-4EEF-B0D6-828CBB711255}
	EndGlobalSection
EndGlobal
